
Microsoft Visual Studio Solution File, Format Version 12.00
# Visual Studio 15
VisualStudioVersion = 15.0.26124.0
MinimumVisualStudioVersion = 15.0.26124.0
Project("{2150E333-8FDC-42A3-9474-1A3956D46DE8}") = "src", "src", "{7AEA3DFA-CA8A-43ED-8532-834C938F962B}"
EndProject
Project("{FAE04EC0-301F-11D3-BF4B-00C04F79EFBC}") = "BoomConsole", "src\BoomConsole\BoomConsole.csproj", "{2A03BFF2-2227-4751-AA8E-B10B72CE9A21}"
EndProject
Project("{FAE04EC0-301F-11D3-BF4B-00C04F79EFBC}") = "BoomLibrary", "src\BoomLibrary\BoomLibrary.csproj", "{E7D13DD9-51E0-42B0-B608-F22136F3CA95}"
EndProject
Project("{FAE04EC0-301F-11D3-BF4B-00C04F79EFBC}") = "BoomWebApp", "src\BoomWebApp\BoomWebApp.csproj", "{CB1F0DFA-3031-4CA9-B20A-232AA5CE3FC8}"
EndProject
Global
	GlobalSection(SolutionConfigurationPlatforms) = preSolution
		Debug|Any CPU = Debug|Any CPU
		Debug|x64 = Debug|x64
		Debug|x86 = Debug|x86
		Release|Any CPU = Release|Any CPU
		Release|x64 = Release|x64
		Release|x86 = Release|x86
	EndGlobalSection
	GlobalSection(SolutionProperties) = preSolution
		HideSolutionNode = FALSE
	EndGlobalSection
	GlobalSection(ProjectConfigurationPlatforms) = postSolution
		{2A03BFF2-2227-4751-AA8E-B10B72CE9A21}.Debug|Any CPU.ActiveCfg = Debug|Any CPU
		{2A03BFF2-2227-4751-AA8E-B10B72CE9A21}.Debug|Any CPU.Build.0 = Debug|Any CPU
		{2A03BFF2-2227-4751-AA8E-B10B72CE9A21}.Debug|x64.ActiveCfg = Debug|Any CPU
		{2A03BFF2-2227-4751-AA8E-B10B72CE9A21}.Debug|x64.Build.0 = Debug|Any CPU
		{2A03BFF2-2227-4751-AA8E-B10B72CE9A21}.Debug|x86.ActiveCfg = Debug|Any CPU
		{2A03BFF2-2227-4751-AA8E-B10B72CE9A21}.Debug|x86.Build.0 = Debug|Any CPU
		{2A03BFF2-2227-4751-AA8E-B10B72CE9A21}.Release|Any CPU.ActiveCfg = Release|Any CPU
		{2A03BFF2-2227-4751-AA8E-B10B72CE9A21}.Release|Any CPU.Build.0 = Release|Any CPU
		{2A03BFF2-2227-4751-AA8E-B10B72CE9A21}.Release|x64.ActiveCfg = Release|Any CPU
		{2A03BFF2-2227-4751-AA8E-B10B72CE9A21}.Release|x64.Build.0 = Release|Any CPU
		{2A03BFF2-2227-4751-AA8E-B10B72CE9A21}.Release|x86.ActiveCfg = Release|Any CPU
		{2A03BFF2-2227-4751-AA8E-B10B72CE9A21}.Release|x86.Build.0 = Release|Any CPU
		{E7D13DD9-51E0-42B0-B608-F22136F3CA95}.Debug|Any CPU.ActiveCfg = Debug|Any CPU
		{E7D13DD9-51E0-42B0-B608-F22136F3CA95}.Debug|Any CPU.Build.0 = Debug|Any CPU
		{E7D13DD9-51E0-42B0-B608-F22136F3CA95}.Debug|x64.ActiveCfg = Debug|Any CPU
		{E7D13DD9-51E0-42B0-B608-F22136F3CA95}.Debug|x64.Build.0 = Debug|Any CPU
		{E7D13DD9-51E0-42B0-B608-F22136F3CA95}.Debug|x86.ActiveCfg = Debug|Any CPU
		{E7D13DD9-51E0-42B0-B608-F22136F3CA95}.Debug|x86.Build.0 = Debug|Any CPU
		{E7D13DD9-51E0-42B0-B608-F22136F3CA95}.Release|Any CPU.ActiveCfg = Release|Any CPU
		{E7D13DD9-51E0-42B0-B608-F22136F3CA95}.Release|Any CPU.Build.0 = Release|Any CPU
		{E7D13DD9-51E0-42B0-B608-F22136F3CA95}.Release|x64.ActiveCfg = Release|Any CPU
		{E7D13DD9-51E0-42B0-B608-F22136F3CA95}.Release|x64.Build.0 = Release|Any CPU
		{E7D13DD9-51E0-42B0-B608-F22136F3CA95}.Release|x86.ActiveCfg = Release|Any CPU
		{E7D13DD9-51E0-42B0-B608-F22136F3CA95}.Release|x86.Build.0 = Release|Any CPU
		{CB1F0DFA-3031-4CA9-B20A-232AA5CE3FC8}.Debug|Any CPU.ActiveCfg = Debug|Any CPU
		{CB1F0DFA-3031-4CA9-B20A-232AA5CE3FC8}.Debug|Any CPU.Build.0 = Debug|Any CPU
		{CB1F0DFA-3031-4CA9-B20A-232AA5CE3FC8}.Debug|x64.ActiveCfg = Debug|Any CPU
		{CB1F0DFA-3031-4CA9-B20A-232AA5CE3FC8}.Debug|x64.Build.0 = Debug|Any CPU
		{CB1F0DFA-3031-4CA9-B20A-232AA5CE3FC8}.Debug|x86.ActiveCfg = Debug|Any CPU
		{CB1F0DFA-3031-4CA9-B20A-232AA5CE3FC8}.Debug|x86.Build.0 = Debug|Any CPU
		{CB1F0DFA-3031-4CA9-B20A-232AA5CE3FC8}.Release|Any CPU.ActiveCfg = Release|Any CPU
		{CB1F0DFA-3031-4CA9-B20A-232AA5CE3FC8}.Release|Any CPU.Build.0 = Release|Any CPU
		{CB1F0DFA-3031-4CA9-B20A-232AA5CE3FC8}.Release|x64.ActiveCfg = Release|Any CPU
		{CB1F0DFA-3031-4CA9-B20A-232AA5CE3FC8}.Release|x64.Build.0 = Release|Any CPU
		{CB1F0DFA-3031-4CA9-B20A-232AA5CE3FC8}.Release|x86.ActiveCfg = Release|Any CPU
		{CB1F0DFA-3031-4CA9-B20A-232AA5CE3FC8}.Release|x86.Build.0 = Release|Any CPU
	EndGlobalSection
	GlobalSection(NestedProjects) = preSolution
		{2A03BFF2-2227-4751-AA8E-B10B72CE9A21} = {7AEA3DFA-CA8A-43ED-8532-834C938F962B}
		{E7D13DD9-51E0-42B0-B608-F22136F3CA95} = {7AEA3DFA-CA8A-43ED-8532-834C938F962B}
		{CB1F0DFA-3031-4CA9-B20A-232AA5CE3FC8} = {7AEA3DFA-CA8A-43ED-8532-834C938F962B}
	EndGlobalSection
EndGlobal
